{
    "_meta": {
        "hash": {
            "sha256": "8cffe43895f3c1cc51ec1a0773798abcddeabe0253d30b75d2c2b0d379c245ab"
        },
        "pipfile-spec": 6,
        "requires": {
            "python_version": "3.6"
        },
        "sources": [
            {
                "name": "pypi",
                "url": "https://pypi.org/simple",
                "verify_ssl": true
            }
        ]
    },
    "default": {
        "gitdb": {
            "hashes": [
                "sha256:6c4cc71933456991da20917998acbe6cf4fb41eeaab7d6d67fbc05ecd4c865b0",
                "sha256:96bf5c08b157a666fec41129e6d327235284cca4c81e92109260f353ba138005"
            ],
            "version": "==4.0.7"
        },
        "gitpython": {
            "hashes": [
                "sha256:05af150f47a5cca3f4b0af289b73aef8cf3c4fe2385015b06220cbcdee48bb6e",
                "sha256:a77824e516d3298b04fb36ec7845e92747df8fcfee9cacc32dd6239f9652f867"
            ],
            "index": "pypi",
            "version": "==3.1.15"
        },
        "smmap": {
            "hashes": [
                "sha256:7e65386bd122d45405ddf795637b7f7d2b532e7e401d46bbe3fb49b9986d5182",
                "sha256:a9a7479e4c572e2e775c404dcd3080c8dc49f39918c2cf74913d30c4c478e3c2"
            ],
            "version": "==4.0.0"
        },
        "typing-extensions": {
            "hashes": [
                "sha256:7cb407020f00f7bfc3cb3e7881628838e69d8f3fcab2f64742a5e76b2f841918",
                "sha256:99d4073b617d30288f569d3f13d2bd7548c3a7e4c8de87db09a9d29bb3a4a60c",
                "sha256:dafc7639cde7f1b6e1acc0f457842a83e722ccca8eef5270af2d74792619a89f"
            ],
            "version": "==3.7.4.3"
        }
    },
    "develop": {}
}
